// !$*UTF8*$!
{
	archiveVersion = 1;
	classes = {
	};
	objectVersion = 55;
	objects = {

/* Begin PBXBuildFile section */
		2B9F46F2287482980096AB57 /* NewsFeedPresenter.swift in Sources */ = {isa = PBXBuildFile; fileRef = 2B9F46EB287482980096AB57 /* NewsFeedPresenter.swift */; };
		2B9F46F3287482980096AB57 /* NewsFeedWorker.swift in Sources */ = {isa = PBXBuildFile; fileRef = 2B9F46EC287482980096AB57 /* NewsFeedWorker.swift */; };
		2B9F46F4287482980096AB57 /* NewsFeedRouter.swift in Sources */ = {isa = PBXBuildFile; fileRef = 2B9F46ED287482980096AB57 /* NewsFeedRouter.swift */; };
		2B9F46F5287482980096AB57 /* NewsFeedModels.swift in Sources */ = {isa = PBXBuildFile; fileRef = 2B9F46EE287482980096AB57 /* NewsFeedModels.swift */; };
		2B9F46F6287482980096AB57 /* NewsFeedViewController.swift in Sources */ = {isa = PBXBuildFile; fileRef = 2B9F46EF287482980096AB57 /* NewsFeedViewController.swift */; };
		2B9F46F7287482980096AB57 /* NewsFeedInteractor.swift in Sources */ = {isa = PBXBuildFile; fileRef = 2B9F46F0287482980096AB57 /* NewsFeedInteractor.swift */; };
		2B9F46FA287489310096AB57 /* NewsFeedViewController.storyboard in Resources */ = {isa = PBXBuildFile; fileRef = 2B9F46F9287489310096AB57 /* NewsFeedViewController.storyboard */; };
		2B9F46FF287494A20096AB57 /* NewsFeedTableViewCell.swift in Sources */ = {isa = PBXBuildFile; fileRef = 2B9F46FE287494A20096AB57 /* NewsFeedTableViewCell.swift */; };
		2B9F4701287494D20096AB57 /* NewsFeedTableViewCell.xib in Resources */ = {isa = PBXBuildFile; fileRef = 2B9F4700287494D20096AB57 /* NewsFeedTableViewCell.xib */; };
		2B9F47042874D96E0096AB57 /* WebImageView.swift in Sources */ = {isa = PBXBuildFile; fileRef = 2B9F47032874D96E0096AB57 /* WebImageView.swift */; };
		2BB974F22873898A00092C30 /* AppDelegate.swift in Sources */ = {isa = PBXBuildFile; fileRef = 2BB974F12873898A00092C30 /* AppDelegate.swift */; };
		2BB974F42873898A00092C30 /* SceneDelegate.swift in Sources */ = {isa = PBXBuildFile; fileRef = 2BB974F32873898A00092C30 /* SceneDelegate.swift */; };
		2BB974F62873898A00092C30 /* AuthViewController.swift in Sources */ = {isa = PBXBuildFile; fileRef = 2BB974F52873898A00092C30 /* AuthViewController.swift */; };
		2BB974FB2873898C00092C30 /* Assets.xcassets in Resources */ = {isa = PBXBuildFile; fileRef = 2BB974FA2873898C00092C30 /* Assets.xcassets */; };
		2BB974FE2873898C00092C30 /* LaunchScreen.storyboard in Resources */ = {isa = PBXBuildFile; fileRef = 2BB974FC2873898C00092C30 /* LaunchScreen.storyboard */; };
		2BB975062873903500092C30 /* AuthService.swift in Sources */ = {isa = PBXBuildFile; fileRef = 2BB975052873903500092C30 /* AuthService.swift */; };
		2BB9750B28743EF000092C30 /* AuthViewController.storyboard in Resources */ = {isa = PBXBuildFile; fileRef = 2BB9750A28743EF000092C30 /* AuthViewController.storyboard */; };
		2BB975132874574100092C30 /* NetworkService.swift in Sources */ = {isa = PBXBuildFile; fileRef = 2BB975122874574100092C30 /* NetworkService.swift */; };
		2BB975152874597600092C30 /* API.swift in Sources */ = {isa = PBXBuildFile; fileRef = 2BB975142874597600092C30 /* API.swift */; };
		2BB975182874691900092C30 /* Extension + UIViewController.swift in Sources */ = {isa = PBXBuildFile; fileRef = 2BB975172874691900092C30 /* Extension + UIViewController.swift */; };
		2BB9751B2874751D00092C30 /* FeedResponse.swift in Sources */ = {isa = PBXBuildFile; fileRef = 2BB9751A2874751D00092C30 /* FeedResponse.swift */; };
		2BB9751D2874779700092C30 /* NetworkDataFetcher.swift in Sources */ = {isa = PBXBuildFile; fileRef = 2BB9751C2874779700092C30 /* NetworkDataFetcher.swift */; };
		687A04D1F01ED82D829A2F85 /* Pods_VKNewsFeed_App.framework in Frameworks */ = {isa = PBXBuildFile; fileRef = 4648B5395AC9BD041EDE7217 /* Pods_VKNewsFeed_App.framework */; };
/* End PBXBuildFile section */

/* Begin PBXFileReference section */
		2B9F46EB287482980096AB57 /* NewsFeedPresenter.swift */ = {isa = PBXFileReference; lastKnownFileType = sourcecode.swift; path = NewsFeedPresenter.swift; sourceTree = "<group>"; };
		2B9F46EC287482980096AB57 /* NewsFeedWorker.swift */ = {isa = PBXFileReference; lastKnownFileType = sourcecode.swift; path = NewsFeedWorker.swift; sourceTree = "<group>"; };
		2B9F46ED287482980096AB57 /* NewsFeedRouter.swift */ = {isa = PBXFileReference; lastKnownFileType = sourcecode.swift; path = NewsFeedRouter.swift; sourceTree = "<group>"; };
		2B9F46EE287482980096AB57 /* NewsFeedModels.swift */ = {isa = PBXFileReference; lastKnownFileType = sourcecode.swift; path = NewsFeedModels.swift; sourceTree = "<group>"; };
		2B9F46EF287482980096AB57 /* NewsFeedViewController.swift */ = {isa = PBXFileReference; lastKnownFileType = sourcecode.swift; path = NewsFeedViewController.swift; sourceTree = "<group>"; };
		2B9F46F0287482980096AB57 /* NewsFeedInteractor.swift */ = {isa = PBXFileReference; lastKnownFileType = sourcecode.swift; path = NewsFeedInteractor.swift; sourceTree = "<group>"; };
		2B9F46F9287489310096AB57 /* NewsFeedViewController.storyboard */ = {isa = PBXFileReference; lastKnownFileType = file.storyboard; path = NewsFeedViewController.storyboard; sourceTree = "<group>"; };
		2B9F46FE287494A20096AB57 /* NewsFeedTableViewCell.swift */ = {isa = PBXFileReference; lastKnownFileType = sourcecode.swift; path = NewsFeedTableViewCell.swift; sourceTree = "<group>"; };
		2B9F4700287494D20096AB57 /* NewsFeedTableViewCell.xib */ = {isa = PBXFileReference; lastKnownFileType = file.xib; path = NewsFeedTableViewCell.xib; sourceTree = "<group>"; };
		2B9F47032874D96E0096AB57 /* WebImageView.swift */ = {isa = PBXFileReference; lastKnownFileType = sourcecode.swift; path = WebImageView.swift; sourceTree = "<group>"; };
		2BB974EE2873898A00092C30 /* VKNewsFeed_App.app */ = {isa = PBXFileReference; explicitFileType = wrapper.application; includeInIndex = 0; path = VKNewsFeed_App.app; sourceTree = BUILT_PRODUCTS_DIR; };
		2BB974F12873898A00092C30 /* AppDelegate.swift */ = {isa = PBXFileReference; lastKnownFileType = sourcecode.swift; path = AppDelegate.swift; sourceTree = "<group>"; };
		2BB974F32873898A00092C30 /* SceneDelegate.swift */ = {isa = PBXFileReference; lastKnownFileType = sourcecode.swift; path = SceneDelegate.swift; sourceTree = "<group>"; };
		2BB974F52873898A00092C30 /* AuthViewController.swift */ = {isa = PBXFileReference; lastKnownFileType = sourcecode.swift; path = AuthViewController.swift; sourceTree = "<group>"; };
		2BB974FA2873898C00092C30 /* Assets.xcassets */ = {isa = PBXFileReference; lastKnownFileType = folder.assetcatalog; path = Assets.xcassets; sourceTree = "<group>"; };
		2BB974FD2873898C00092C30 /* Base */ = {isa = PBXFileReference; lastKnownFileType = file.storyboard; name = Base; path = Base.lproj/LaunchScreen.storyboard; sourceTree = "<group>"; };
		2BB974FF2873898C00092C30 /* Info.plist */ = {isa = PBXFileReference; lastKnownFileType = text.plist.xml; path = Info.plist; sourceTree = "<group>"; };
		2BB975052873903500092C30 /* AuthService.swift */ = {isa = PBXFileReference; lastKnownFileType = sourcecode.swift; path = AuthService.swift; sourceTree = "<group>"; };
		2BB9750A28743EF000092C30 /* AuthViewController.storyboard */ = {isa = PBXFileReference; lastKnownFileType = file.storyboard; path = AuthViewController.storyboard; sourceTree = "<group>"; };
		2BB975122874574100092C30 /* NetworkService.swift */ = {isa = PBXFileReference; lastKnownFileType = sourcecode.swift; path = NetworkService.swift; sourceTree = "<group>"; };
		2BB975142874597600092C30 /* API.swift */ = {isa = PBXFileReference; lastKnownFileType = sourcecode.swift; path = API.swift; sourceTree = "<group>"; };
		2BB975172874691900092C30 /* Extension + UIViewController.swift */ = {isa = PBXFileReference; lastKnownFileType = sourcecode.swift; path = "Extension + UIViewController.swift"; sourceTree = "<group>"; };
		2BB9751A2874751D00092C30 /* FeedResponse.swift */ = {isa = PBXFileReference; lastKnownFileType = sourcecode.swift; path = FeedResponse.swift; sourceTree = "<group>"; };
		2BB9751C2874779700092C30 /* NetworkDataFetcher.swift */ = {isa = PBXFileReference; lastKnownFileType = sourcecode.swift; path = NetworkDataFetcher.swift; sourceTree = "<group>"; };
		4648B5395AC9BD041EDE7217 /* Pods_VKNewsFeed_App.framework */ = {isa = PBXFileReference; explicitFileType = wrapper.framework; includeInIndex = 0; path = Pods_VKNewsFeed_App.framework; sourceTree = BUILT_PRODUCTS_DIR; };
		55B2CECE7F982226B48AE760 /* Pods-VKNewsFeed_App.release.xcconfig */ = {isa = PBXFileReference; includeInIndex = 1; lastKnownFileType = text.xcconfig; name = "Pods-VKNewsFeed_App.release.xcconfig"; path = "Target Support Files/Pods-VKNewsFeed_App/Pods-VKNewsFeed_App.release.xcconfig"; sourceTree = "<group>"; };
		6C284C28DF358FA9C8B10C83 /* Pods-VKNewsFeed_App.debug.xcconfig */ = {isa = PBXFileReference; includeInIndex = 1; lastKnownFileType = text.xcconfig; name = "Pods-VKNewsFeed_App.debug.xcconfig"; path = "Target Support Files/Pods-VKNewsFeed_App/Pods-VKNewsFeed_App.debug.xcconfig"; sourceTree = "<group>"; };
/* End PBXFileReference section */

/* Begin PBXFrameworksBuildPhase section */
		2BB974EB2873898A00092C30 /* Frameworks */ = {
			isa = PBXFrameworksBuildPhase;
			buildActionMask = 2147483647;
			files = (
				687A04D1F01ED82D829A2F85 /* Pods_VKNewsFeed_App.framework in Frameworks */,
			);
			runOnlyForDeploymentPostprocessing = 0;
		};
/* End PBXFrameworksBuildPhase section */

/* Begin PBXGroup section */
		2A5F4C83A764659145ECB25D /* Frameworks */ = {
			isa = PBXGroup;
			children = (
				4648B5395AC9BD041EDE7217 /* Pods_VKNewsFeed_App.framework */,
			);
			name = Frameworks;
			sourceTree = "<group>";
		};
		2B9F46EA287482710096AB57 /* NewsFeed */ = {
			isa = PBXGroup;
			children = (
				2B9F46FD287494830096AB57 /* Cell */,
				2B9F46F9287489310096AB57 /* NewsFeedViewController.storyboard */,
				2B9F46EF287482980096AB57 /* NewsFeedViewController.swift */,
				2B9F46F0287482980096AB57 /* NewsFeedInteractor.swift */,
				2B9F46EB287482980096AB57 /* NewsFeedPresenter.swift */,
				2B9F46EE287482980096AB57 /* NewsFeedModels.swift */,
				2B9F46EC287482980096AB57 /* NewsFeedWorker.swift */,
				2B9F46ED287482980096AB57 /* NewsFeedRouter.swift */,
			);
			path = NewsFeed;
			sourceTree = "<group>";
		};
		2B9F46FD287494830096AB57 /* Cell */ = {
			isa = PBXGroup;
			children = (
				2B9F46FE287494A20096AB57 /* NewsFeedTableViewCell.swift */,
				2B9F4700287494D20096AB57 /* NewsFeedTableViewCell.xib */,
			);
			path = Cell;
			sourceTree = "<group>";
		};
		2B9F47022874D9540096AB57 /* Helpers */ = {
			isa = PBXGroup;
			children = (
				2B9F47032874D96E0096AB57 /* WebImageView.swift */,
			);
			path = Helpers;
			sourceTree = "<group>";
		};
		2BB974E52873898A00092C30 = {
			isa = PBXGroup;
			children = (
				2BB974F02873898A00092C30 /* VKNewsFeed_App */,
				2BB974EF2873898A00092C30 /* Products */,
				8E6E541360E24D203B5AD583 /* Pods */,
				2A5F4C83A764659145ECB25D /* Frameworks */,
			);
			sourceTree = "<group>";
		};
		2BB974EF2873898A00092C30 /* Products */ = {
			isa = PBXGroup;
			children = (
				2BB974EE2873898A00092C30 /* VKNewsFeed_App.app */,
			);
			name = Products;
			sourceTree = "<group>";
		};
		2BB974F02873898A00092C30 /* VKNewsFeed_App */ = {
			isa = PBXGroup;
			children = (
				2BB974F12873898A00092C30 /* AppDelegate.swift */,
				2BB974F32873898A00092C30 /* SceneDelegate.swift */,
				2BB975112874516E00092C30 /* AuthViewController */,
				2B9F46EA287482710096AB57 /* NewsFeed */,
				2BB975072873903C00092C30 /* Services */,
				2BB97516287468F700092C30 /* Extensions */,
				2B9F47022874D9540096AB57 /* Helpers */,
				2BB974FA2873898C00092C30 /* Assets.xcassets */,
				2BB974FC2873898C00092C30 /* LaunchScreen.storyboard */,
				2BB974FF2873898C00092C30 /* Info.plist */,
			);
			path = VKNewsFeed_App;
			sourceTree = "<group>";
		};
		2BB975072873903C00092C30 /* Services */ = {
			isa = PBXGroup;
			children = (
				2BB975192874750F00092C30 /* Models */,
				2BB975052873903500092C30 /* AuthService.swift */,
				2BB975122874574100092C30 /* NetworkService.swift */,
				2BB975142874597600092C30 /* API.swift */,
				2BB9751C2874779700092C30 /* NetworkDataFetcher.swift */,
			);
			path = Services;
			sourceTree = "<group>";
		};
		2BB975112874516E00092C30 /* AuthViewController */ = {
			isa = PBXGroup;
			children = (
				2BB974F52873898A00092C30 /* AuthViewController.swift */,
				2BB9750A28743EF000092C30 /* AuthViewController.storyboard */,
			);
			path = AuthViewController;
			sourceTree = "<group>";
		};
		2BB97516287468F700092C30 /* Extensions */ = {
			isa = PBXGroup;
			children = (
				2BB975172874691900092C30 /* Extension + UIViewController.swift */,
			);
			path = Extensions;
			sourceTree = "<group>";
		};
		2BB975192874750F00092C30 /* Models */ = {
			isa = PBXGroup;
			children = (
				2BB9751A2874751D00092C30 /* FeedResponse.swift */,
			);
			path = Models;
			sourceTree = "<group>";
		};
		8E6E541360E24D203B5AD583 /* Pods */ = {
			isa = PBXGroup;
			children = (
				6C284C28DF358FA9C8B10C83 /* Pods-VKNewsFeed_App.debug.xcconfig */,
				55B2CECE7F982226B48AE760 /* Pods-VKNewsFeed_App.release.xcconfig */,
			);
			path = Pods;
			sourceTree = "<group>";
		};
/* End PBXGroup section */

/* Begin PBXNativeTarget section */
		2BB974ED2873898A00092C30 /* VKNewsFeed_App */ = {
			isa = PBXNativeTarget;
			buildConfigurationList = 2BB975022873898C00092C30 /* Build configuration list for PBXNativeTarget "VKNewsFeed_App" */;
			buildPhases = (
				4976048B5892B621C9E3DC50 /* [CP] Check Pods Manifest.lock */,
				2BB974EA2873898A00092C30 /* Sources */,
				2BB974EB2873898A00092C30 /* Frameworks */,
				2BB974EC2873898A00092C30 /* Resources */,
				335FC517FCAC3604CBDCC817 /* [CP] Embed Pods Frameworks */,
			);
			buildRules = (
			);
			dependencies = (
			);
			name = VKNewsFeed_App;
			productName = VKNewsFeed_App;
			productReference = 2BB974EE2873898A00092C30 /* VKNewsFeed_App.app */;
			productType = "com.apple.product-type.application";
		};
/* End PBXNativeTarget section */

/* Begin PBXProject section */
		2BB974E62873898A00092C30 /* Project object */ = {
			isa = PBXProject;
			attributes = {
				BuildIndependentTargetsInParallel = 1;
				LastSwiftUpdateCheck = 1340;
				LastUpgradeCheck = 1340;
				TargetAttributes = {
					2BB974ED2873898A00092C30 = {
						CreatedOnToolsVersion = 13.4;
					};
				};
			};
			buildConfigurationList = 2BB974E92873898A00092C30 /* Build configuration list for PBXProject "VKNewsFeed_App" */;
			compatibilityVersion = "Xcode 13.0";
			developmentRegion = en;
			hasScannedForEncodings = 0;
			knownRegions = (
				en,
				Base,
			);
			mainGroup = 2BB974E52873898A00092C30;
			productRefGroup = 2BB974EF2873898A00092C30 /* Products */;
			projectDirPath = "";
			projectRoot = "";
			targets = (
				2BB974ED2873898A00092C30 /* VKNewsFeed_App */,
			);
		};
/* End PBXProject section */

/* Begin PBXResourcesBuildPhase section */
		2BB974EC2873898A00092C30 /* Resources */ = {
			isa = PBXResourcesBuildPhase;
			buildActionMask = 2147483647;
			files = (
				2B9F46FA287489310096AB57 /* NewsFeedViewController.storyboard in Resources */,
				2BB974FE2873898C00092C30 /* LaunchScreen.storyboard in Resources */,
				2B9F4701287494D20096AB57 /* NewsFeedTableViewCell.xib in Resources */,
				2BB9750B28743EF000092C30 /* AuthViewController.storyboard in Resources */,
				2BB974FB2873898C00092C30 /* Assets.xcassets in Resources */,
			);
			runOnlyForDeploymentPostprocessing = 0;
		};
/* End PBXResourcesBuildPhase section */

/* Begin PBXShellScriptBuildPhase section */
		335FC517FCAC3604CBDCC817 /* [CP] Embed Pods Frameworks */ = {
			isa = PBXShellScriptBuildPhase;
			buildActionMask = 2147483647;
			files = (
			);
			inputFileListPaths = (
				"${PODS_ROOT}/Target Support Files/Pods-VKNewsFeed_App/Pods-VKNewsFeed_App-frameworks-${CONFIGURATION}-input-files.xcfilelist",
			);
			name = "[CP] Embed Pods Frameworks";
			outputFileListPaths = (
				"${PODS_ROOT}/Target Support Files/Pods-VKNewsFeed_App/Pods-VKNewsFeed_App-frameworks-${CONFIGURATION}-output-files.xcfilelist",
			);
			runOnlyForDeploymentPostprocessing = 0;
			shellPath = /bin/sh;
			shellScript = "\"${PODS_ROOT}/Target Support Files/Pods-VKNewsFeed_App/Pods-VKNewsFeed_App-frameworks.sh\"\n";
			showEnvVarsInLog = 0;
		};
		4976048B5892B621C9E3DC50 /* [CP] Check Pods Manifest.lock */ = {
			isa = PBXShellScriptBuildPhase;
			buildActionMask = 2147483647;
			files = (
			);
			inputFileListPaths = (
			);
			inputPaths = (
				"${PODS_PODFILE_DIR_PATH}/Podfile.lock",
				"${PODS_ROOT}/Manifest.lock",
			);
			name = "[CP] Check Pods Manifest.lock";
			outputFileListPaths = (
			);
			outputPaths = (
				"$(DERIVED_FILE_DIR)/Pods-VKNewsFeed_App-checkManifestLockResult.txt",
			);
			runOnlyForDeploymentPostprocessing = 0;
			shellPath = /bin/sh;
			shellScript = "diff \"${PODS_PODFILE_DIR_PATH}/Podfile.lock\" \"${PODS_ROOT}/Manifest.lock\" > /dev/null\nif [ $? != 0 ] ; then\n    # print error to STDERR\n    echo \"error: The sandbox is not in sync with the Podfile.lock. Run 'pod install' or update your CocoaPods installation.\" >&2\n    exit 1\nfi\n# This output is used by Xcode 'outputs' to avoid re-running this script phase.\necho \"SUCCESS\" > \"${SCRIPT_OUTPUT_FILE_0}\"\n";
			showEnvVarsInLog = 0;
		};
/* End PBXShellScriptBuildPhase section */

/* Begin PBXSourcesBuildPhase section */
		2BB974EA2873898A00092C30 /* Sources */ = {
			isa = PBXSourcesBuildPhase;
			buildActionMask = 2147483647;
			files = (
				2BB974F62873898A00092C30 /* AuthViewController.swift in Sources */,
				2B9F47042874D96E0096AB57 /* WebImageView.swift in Sources */,
				2B9F46F4287482980096AB57 /* NewsFeedRouter.swift in Sources */,
				2B9F46F5287482980096AB57 /* NewsFeedModels.swift in Sources */,
				2BB974F22873898A00092C30 /* AppDelegate.swift in Sources */,
				2BB975182874691900092C30 /* Extension + UIViewController.swift in Sources */,
				2BB9751D2874779700092C30 /* NetworkDataFetcher.swift in Sources */,
				2B9F46FF287494A20096AB57 /* NewsFeedTableViewCell.swift in Sources */,
				2BB974F42873898A00092C30 /* SceneDelegate.swift in Sources */,
				2BB975132874574100092C30 /* NetworkService.swift in Sources */,
				2BB975062873903500092C30 /* AuthService.swift in Sources */,
				2BB9751B2874751D00092C30 /* FeedResponse.swift in Sources */,
				2B9F46F2287482980096AB57 /* NewsFeedPresenter.swift in Sources */,
				2B9F46F3287482980096AB57 /* NewsFeedWorker.swift in Sources */,
				2BB975152874597600092C30 /* API.swift in Sources */,
				2B9F46F6287482980096AB57 /* NewsFeedViewController.swift in Sources */,
				2B9F46F7287482980096AB57 /* NewsFeedInteractor.swift in Sources */,
			);
			runOnlyForDeploymentPostprocessing = 0;
		};
/* End PBXSourcesBuildPhase section */

/* Begin PBXVariantGroup section */
		2BB974FC2873898C00092C30 /* LaunchScreen.storyboard */ = {
			isa = PBXVariantGroup;
			children = (
				2BB974FD2873898C00092C30 /* Base */,
			);
			name = LaunchScreen.storyboard;
			sourceTree = "<group>";
		};
/* End PBXVariantGroup section */

/* Begin XCBuildConfiguration section */
		2BB975002873898C00092C30 /* Debug */ = {
			isa = XCBuildConfiguration;
			buildSettings = {
				ALWAYS_SEARCH_USER_PATHS = NO;
				CLANG_ANALYZER_NONNULL = YES;
				CLANG_ANALYZER_NUMBER_OBJECT_CONVERSION = YES_AGGRESSIVE;
				CLANG_CXX_LANGUAGE_STANDARD = "gnu++17";
				CLANG_ENABLE_MODULES = YES;
				CLANG_ENABLE_OBJC_ARC = YES;
				CLANG_ENABLE_OBJC_WEAK = YES;
				CLANG_WARN_BLOCK_CAPTURE_AUTORELEASING = YES;
				CLANG_WARN_BOOL_CONVERSION = YES;
				CLANG_WARN_COMMA = YES;
				CLANG_WARN_CONSTANT_CONVERSION = YES;
				CLANG_WARN_DEPRECATED_OBJC_IMPLEMENTATIONS = YES;
				CLANG_WARN_DIRECT_OBJC_ISA_USAGE = YES_ERROR;
				CLANG_WARN_DOCUMENTATION_COMMENTS = YES;
				CLANG_WARN_EMPTY_BODY = YES;
				CLANG_WARN_ENUM_CONVERSION = YES;
				CLANG_WARN_INFINITE_RECURSION = YES;
				CLANG_WARN_INT_CONVERSION = YES;
				CLANG_WARN_NON_LITERAL_NULL_CONVERSION = YES;
				CLANG_WARN_OBJC_IMPLICIT_RETAIN_SELF = YES;
				CLANG_WARN_OBJC_LITERAL_CONVERSION = YES;
				CLANG_WARN_OBJC_ROOT_CLASS = YES_ERROR;
				CLANG_WARN_QUOTED_INCLUDE_IN_FRAMEWORK_HEADER = YES;
				CLANG_WARN_RANGE_LOOP_ANALYSIS = YES;
				CLANG_WARN_STRICT_PROTOTYPES = YES;
				CLANG_WARN_SUSPICIOUS_MOVE = YES;
				CLANG_WARN_UNGUARDED_AVAILABILITY = YES_AGGRESSIVE;
				CLANG_WARN_UNREACHABLE_CODE = YES;
				CLANG_WARN__DUPLICATE_METHOD_MATCH = YES;
				COPY_PHASE_STRIP = NO;
				DEBUG_INFORMATION_FORMAT = dwarf;
				ENABLE_STRICT_OBJC_MSGSEND = YES;
				ENABLE_TESTABILITY = YES;
				GCC_C_LANGUAGE_STANDARD = gnu11;
				GCC_DYNAMIC_NO_PIC = NO;
				GCC_NO_COMMON_BLOCKS = YES;
				GCC_OPTIMIZATION_LEVEL = 0;
				GCC_PREPROCESSOR_DEFINITIONS = (
					"DEBUG=1",
					"$(inherited)",
				);
				GCC_WARN_64_TO_32_BIT_CONVERSION = YES;
				GCC_WARN_ABOUT_RETURN_TYPE = YES_ERROR;
				GCC_WARN_UNDECLARED_SELECTOR = YES;
				GCC_WARN_UNINITIALIZED_AUTOS = YES_AGGRESSIVE;
				GCC_WARN_UNUSED_FUNCTION = YES;
				GCC_WARN_UNUSED_VARIABLE = YES;
				IPHONEOS_DEPLOYMENT_TARGET = 15.5;
				MTL_ENABLE_DEBUG_INFO = INCLUDE_SOURCE;
				MTL_FAST_MATH = YES;
				ONLY_ACTIVE_ARCH = YES;
				SDKROOT = iphoneos;
				SWIFT_ACTIVE_COMPILATION_CONDITIONS = DEBUG;
				SWIFT_OPTIMIZATION_LEVEL = "-Onone";
			};
			name = Debug;
		};
		2BB975012873898C00092C30 /* Release */ = {
			isa = XCBuildConfiguration;
			buildSettings = {
				ALWAYS_SEARCH_USER_PATHS = NO;
				CLANG_ANALYZER_NONNULL = YES;
				CLANG_ANALYZER_NUMBER_OBJECT_CONVERSION = YES_AGGRESSIVE;
				CLANG_CXX_LANGUAGE_STANDARD = "gnu++17";
				CLANG_ENABLE_MODULES = YES;
				CLANG_ENABLE_OBJC_ARC = YES;
				CLANG_ENABLE_OBJC_WEAK = YES;
				CLANG_WARN_BLOCK_CAPTURE_AUTORELEASING = YES;
				CLANG_WARN_BOOL_CONVERSION = YES;
				CLANG_WARN_COMMA = YES;
				CLANG_WARN_CONSTANT_CONVERSION = YES;
				CLANG_WARN_DEPRECATED_OBJC_IMPLEMENTATIONS = YES;
				CLANG_WARN_DIRECT_OBJC_ISA_USAGE = YES_ERROR;
				CLANG_WARN_DOCUMENTATION_COMMENTS = YES;
				CLANG_WARN_EMPTY_BODY = YES;
				CLANG_WARN_ENUM_CONVERSION = YES;
				CLANG_WARN_INFINITE_RECURSION = YES;
				CLANG_WARN_INT_CONVERSION = YES;
				CLANG_WARN_NON_LITERAL_NULL_CONVERSION = YES;
				CLANG_WARN_OBJC_IMPLICIT_RETAIN_SELF = YES;
				CLANG_WARN_OBJC_LITERAL_CONVERSION = YES;
				CLANG_WARN_OBJC_ROOT_CLASS = YES_ERROR;
				CLANG_WARN_QUOTED_INCLUDE_IN_FRAMEWORK_HEADER = YES;
				CLANG_WARN_RANGE_LOOP_ANALYSIS = YES;
				CLANG_WARN_STRICT_PROTOTYPES = YES;
				CLANG_WARN_SUSPICIOUS_MOVE = YES;
				CLANG_WARN_UNGUARDED_AVAILABILITY = YES_AGGRESSIVE;
				CLANG_WARN_UNREACHABLE_CODE = YES;
				CLANG_WARN__DUPLICATE_METHOD_MATCH = YES;
				COPY_PHASE_STRIP = NO;
				DEBUG_INFORMATION_FORMAT = "dwarf-with-dsym";
				ENABLE_NS_ASSERTIONS = NO;
				ENABLE_STRICT_OBJC_MSGSEND = YES;
				GCC_C_LANGUAGE_STANDARD = gnu11;
				GCC_NO_COMMON_BLOCKS = YES;
				GCC_WARN_64_TO_32_BIT_CONVERSION = YES;
				GCC_WARN_ABOUT_RETURN_TYPE = YES_ERROR;
				GCC_WARN_UNDECLARED_SELECTOR = YES;
				GCC_WARN_UNINITIALIZED_AUTOS = YES_AGGRESSIVE;
				GCC_WARN_UNUSED_FUNCTION = YES;
				GCC_WARN_UNUSED_VARIABLE = YES;
				IPHONEOS_DEPLOYMENT_TARGET = 15.5;
				MTL_ENABLE_DEBUG_INFO = NO;
				MTL_FAST_MATH = YES;
				SDKROOT = iphoneos;
				SWIFT_COMPILATION_MODE = wholemodule;
				SWIFT_OPTIMIZATION_LEVEL = "-O";
				VALIDATE_PRODUCT = YES;
			};
			name = Release;
		};
		2BB975032873898C00092C30 /* Debug */ = {
			isa = XCBuildConfiguration;
			baseConfigurationReference = 6C284C28DF358FA9C8B10C83 /* Pods-VKNewsFeed_App.debug.xcconfig */;
			buildSettings = {
				ASSETCATALOG_COMPILER_APPICON_NAME = AppIcon;
				ASSETCATALOG_COMPILER_GLOBAL_ACCENT_COLOR_NAME = AccentColor;
				CODE_SIGN_STYLE = Automatic;
				CURRENT_PROJECT_VERSION = 1;
				DEVELOPMENT_TEAM = RB3BCBLCA6;
				GENERATE_INFOPLIST_FILE = YES;
				INFOPLIST_FILE = VKNewsFeed_App/Info.plist;
				INFOPLIST_KEY_UIApplicationSupportsIndirectInputEvents = YES;
				INFOPLIST_KEY_UILaunchStoryboardName = LaunchScreen;
				INFOPLIST_KEY_UISupportedInterfaceOrientations_iPad = "UIInterfaceOrientationPortrait UIInterfaceOrientationPortraitUpsideDown UIInterfaceOrientationLandscapeLeft UIInterfaceOrientationLandscapeRight";
				INFOPLIST_KEY_UISupportedInterfaceOrientations_iPhone = "UIInterfaceOrientationPortrait UIInterfaceOrientationLandscapeLeft UIInterfaceOrientationLandscapeRight";
				LD_RUNPATH_SEARCH_PATHS = (
					"$(inherited)",
					"@executable_path/Frameworks",
				);
				MARKETING_VERSION = 1.0;
				PRODUCT_BUNDLE_IDENTIFIER = "com.thefiltitoff.VKNewsFeed-App";
				PRODUCT_NAME = "$(TARGET_NAME)";
				SWIFT_EMIT_LOC_STRINGS = YES;
				SWIFT_VERSION = 5.0;
				TARGETED_DEVICE_FAMILY = "1,2";
			};
			name = Debug;
		};
		2BB975042873898C00092C30 /* Release */ = {
			isa = XCBuildConfiguration;
			baseConfigurationReference = 55B2CECE7F982226B48AE760 /* Pods-VKNewsFeed_App.release.xcconfig */;
			buildSettings = {
				ASSETCATALOG_COMPILER_APPICON_NAME = AppIcon;
				ASSETCATALOG_COMPILER_GLOBAL_ACCENT_COLOR_NAME = AccentColor;
				CODE_SIGN_STYLE = Automatic;
				CURRENT_PROJECT_VERSION = 1;
				DEVELOPMENT_TEAM = RB3BCBLCA6;
				GENERATE_INFOPLIST_FILE = YES;
				INFOPLIST_FILE = VKNewsFeed_App/Info.plist;
				INFOPLIST_KEY_UIApplicationSupportsIndirectInputEvents = YES;
				INFOPLIST_KEY_UILaunchStoryboardName = LaunchScreen;
				INFOPLIST_KEY_UISupportedInterfaceOrientations_iPad = "UIInterfaceOrientationPortrait UIInterfaceOrientationPortraitUpsideDown UIInterfaceOrientationLandscapeLeft UIInterfaceOrientationLandscapeRight";
				INFOPLIST_KEY_UISupportedInterfaceOrientations_iPhone = "UIInterfaceOrientationPortrait UIInterfaceOrientationLandscapeLeft UIInterfaceOrientationLandscapeRight";
				LD_RUNPATH_SEARCH_PATHS = (
					"$(inherited)",
					"@executable_path/Frameworks",
				);
				MARKETING_VERSION = 1.0;
				PRODUCT_BUNDLE_IDENTIFIER = "com.thefiltitoff.VKNewsFeed-App";
				PRODUCT_NAME = "$(TARGET_NAME)";
				SWIFT_EMIT_LOC_STRINGS = YES;
				SWIFT_VERSION = 5.0;
				TARGETED_DEVICE_FAMILY = "1,2";
			};
			name = Release;
		};
/* End XCBuildConfiguration section */

/* Begin XCConfigurationList section */
		2BB974E92873898A00092C30 /* Build configuration list for PBXProject "VKNewsFeed_App" */ = {
			isa = XCConfigurationList;
			buildConfigurations = (
				2BB975002873898C00092C30 /* Debug */,
				2BB975012873898C00092C30 /* Release */,
			);
			defaultConfigurationIsVisible = 0;
			defaultConfigurationName = Release;
		};
		2BB975022873898C00092C30 /* Build configuration list for PBXNativeTarget "VKNewsFeed_App" */ = {
			isa = XCConfigurationList;
			buildConfigurations = (
				2BB975032873898C00092C30 /* Debug */,
				2BB975042873898C00092C30 /* Release */,
			);
			defaultConfigurationIsVisible = 0;
			defaultConfigurationName = Release;
		};
/* End XCConfigurationList section */
	};
	rootObject = 2BB974E62873898A00092C30 /* Project object */;
}
